
Microsoft Visual Studio Solution File, Format Version 12.00
# Visual Studio Version 17
VisualStudioVersion = 17.3.32929.385
MinimumVisualStudioVersion = 10.0.40219.1
Project("{FAE04EC0-301F-11D3-BF4B-00C04F79EFBC}") = "SocialMediaApp", "SocialMediaApp\SocialMediaApp.csproj", "{C675B80A-4D45-486C-B3DD-FA0A7B9141B3}"
EndProject
Global
	GlobalSection(SolutionConfigurationPlatforms) = preSolution
		Debug|Any CPU = Debug|Any CPU
		Release|Any CPU = Release|Any CPU
	EndGlobalSection
	GlobalSection(ProjectConfigurationPlatforms) = postSolution
		{C675B80A-4D45-486C-B3DD-FA0A7B9141B3}.Debug|Any CPU.ActiveCfg = Debug|Any CPU
		{C675B80A-4D45-486C-B3DD-FA0A7B9141B3}.Debug|Any CPU.Build.0 = Debug|Any CPU
		{C675B80A-4D45-486C-B3DD-FA0A7B9141B3}.Release|Any CPU.ActiveCfg = Release|Any CPU
		{C675B80A-4D45-486C-B3DD-FA0A7B9141B3}.Release|Any CPU.Build.0 = Release|Any CPU
	EndGlobalSection
	GlobalSection(SolutionProperties) = preSolution
		HideSolutionNode = FALSE
	EndGlobalSection
	GlobalSection(ExtensibilityGlobals) = postSolution
		SolutionGuid = {1ACCE009-9938-4F08-863F-EF7ECF3D37A2}
	EndGlobalSection
EndGlobal
